{
  "name": "@singleware/routing",
  "version": "1.0.15",
  "lockfileVersion": 1,
  "requires": true,
  "dependencies": {
    "@singleware/class": {
      "version": "1.0.13",
      "resolved": "https://registry.npmjs.org/@singleware/class/-/class-1.0.13.tgz",
      "integrity": "sha512-7SCkQDaG9ZDSD8Tv0Y0rBGhmGETn/U3VcF9AMMPRp9mNQIepM4jXDKA/TO3Vd92OlpTYbXJzzsLSmUZY2NaiDw=="
    },
    "@singleware/observable": {
      "version": "1.0.11",
      "resolved": "https://registry.npmjs.org/@singleware/observable/-/observable-1.0.11.tgz",
      "integrity": "sha512-jM9TlvTyBrw8NEi0LtHX1In7jxeVZsH0Jc9RH3iMVLPP49mdhSSJYr7FijQJRALiSMB4e4YE7am1zR2zgt+ovw==",
      "requires": {
        "@singleware/class": "^1.0.13"
      }
    },
    "@singleware/pipeline": {
      "version": "1.0.10",
      "resolved": "https://registry.npmjs.org/@singleware/pipeline/-/pipeline-1.0.10.tgz",
      "integrity": "sha512-aMlrYNZsxX8/drLK7q72hwQ+YjomBlzN79Iht1/Lc2TSwUGD+JDzOks5TZ49DotFZgLzaCnOpclk0IwZ7F56oQ==",
      "requires": {
        "@singleware/class": "^1.0.13",
        "@singleware/observable": "^1.0.11"
      }
    },
    "prettier": {
      "version": "1.14.2",
      "resolved": "https://registry.npmjs.org/prettier/-/prettier-1.14.2.tgz",
      "integrity": "sha512-McHPg0n1pIke+A/4VcaS2en+pTNjy4xF+Uuq86u/5dyDO59/TtFZtQ708QIRkEZ3qwKz3GVkVa6mpxK/CpB8Rg==",
      "dev": true
    },
    "typescript": {
      "version": "2.9.2",
      "resolved": "https://registry.npmjs.org/typescript/-/typescript-2.9.2.tgz",
      "integrity": "sha512-Gr4p6nFNaoufRIY4NMdpQRNmgxVIGMs4Fcu/ujdYk3nAZqk7supzBE9idmvfZIlH/Cuj//dvi+019qEue9lV0w==",
      "dev": true
    }
  }
}
