{
  "name": "@singleware/routing",
  "version": "1.0.20",
  "lockfileVersion": 1,
  "requires": true,
  "dependencies": {
    "@singleware/class": {
      "version": "1.1.9",
      "resolved": "https://registry.npmjs.org/@singleware/class/-/class-1.1.9.tgz",
      "integrity": "sha512-YQ6Z7tO2SJgRM9M5vmjslwRpjy4ijOgzV3Y+9ryRnjCBaTEBOnfy5lL/asAjMER2ycAZvlCk7zknST3kR9QXWA=="
    },
    "@singleware/observable": {
      "version": "1.0.19",
      "resolved": "https://registry.npmjs.org/@singleware/observable/-/observable-1.0.19.tgz",
      "integrity": "sha512-ygb11rq6H4sC1u0W7bcwwcRQgyngkG1ckicisBysOq5v+1Af02Mr/QqsyLInPoQxcnq2OZaiFTASnfNsoxg9eg==",
      "requires": {
        "@singleware/class": "^1.1.9"
      }
    },
    "@singleware/pipeline": {
      "version": "1.0.16",
      "resolved": "https://registry.npmjs.org/@singleware/pipeline/-/pipeline-1.0.16.tgz",
      "integrity": "sha512-KU9h7vBBFLopmvAFFMtFkwNgs+rEQq2mMyfgn3rJkzmiAy86tB5R2VDZUgi/04G7i2QNN1THbIc6MN8M+/HB0w==",
      "requires": {
        "@singleware/class": "^1.1.9",
        "@singleware/observable": "^1.0.19"
      }
    },
    "prettier": {
      "version": "1.14.2",
      "resolved": "https://registry.npmjs.org/prettier/-/prettier-1.14.2.tgz",
      "integrity": "sha512-McHPg0n1pIke+A/4VcaS2en+pTNjy4xF+Uuq86u/5dyDO59/TtFZtQ708QIRkEZ3qwKz3GVkVa6mpxK/CpB8Rg==",
      "dev": true
    },
    "typescript": {
      "version": "2.9.2",
      "resolved": "https://registry.npmjs.org/typescript/-/typescript-2.9.2.tgz",
      "integrity": "sha512-Gr4p6nFNaoufRIY4NMdpQRNmgxVIGMs4Fcu/ujdYk3nAZqk7supzBE9idmvfZIlH/Cuj//dvi+019qEue9lV0w==",
      "dev": true
    }
  }
}
